
Microsoft Visual Studio Solution File, Format Version 12.00
# Visual Studio Version 17
Project("{FAE04EC0-301F-11D3-BF4B-00C04F79EFBC}") = "Coral.Managed", "..\..\..\..\RealEngine\vendor\coral\Coral.Managed\Coral.Managed.csproj", "{11178401-7DD7-FF37-4612-49B5B2914414}"
EndProject
Project("{FAE04EC0-301F-11D3-BF4B-00C04F79EFBC}") = "Example.Managed", "Example.Managed.csproj", "{0CAA99D3-7835-0798-8146-8A8CED506398}"
EndProject
Global
	GlobalSection(SolutionConfigurationPlatforms) = preSolution
		Debug|Any CPU = Debug|Any CPU
		Release|Any CPU = Release|Any CPU
	EndGlobalSection
	GlobalSection(ProjectConfigurationPlatforms) = postSolution
		{11178401-7DD7-FF37-4612-49B5B2914414}.Debug|Any CPU.ActiveCfg = Debug|Any CPU
		{11178401-7DD7-FF37-4612-49B5B2914414}.Debug|Any CPU.Build.0 = Debug|Any CPU
		{11178401-7DD7-FF37-4612-49B5B2914414}.Release|Any CPU.ActiveCfg = Release|Any CPU
		{11178401-7DD7-FF37-4612-49B5B2914414}.Release|Any CPU.Build.0 = Release|Any CPU
		{0CAA99D3-7835-0798-8146-8A8CED506398}.Debug|Any CPU.ActiveCfg = Debug|Any CPU
		{0CAA99D3-7835-0798-8146-8A8CED506398}.Debug|Any CPU.Build.0 = Debug|Any CPU
		{0CAA99D3-7835-0798-8146-8A8CED506398}.Release|Any CPU.ActiveCfg = Release|Any CPU
		{0CAA99D3-7835-0798-8146-8A8CED506398}.Release|Any CPU.Build.0 = Release|Any CPU
	EndGlobalSection
	GlobalSection(SolutionProperties) = preSolution
		HideSolutionNode = FALSE
	EndGlobalSection
EndGlobal
